
Microsoft Visual Studio Solution File, Format Version 12.00
# Visual Studio Version 16
VisualStudioVersion = 16.0.30413.136
MinimumVisualStudioVersion = 10.0.40219.1
Project("{FAE04EC0-301F-11D3-BF4B-00C04F79EFBC}") = "caAlunoDisciplina", "caAlunoDisciplina.csproj", "{6076E630-AC41-45F4-876A-E8C2FE1B836A}"
EndProject
Global
	GlobalSection(SolutionConfigurationPlatforms) = preSolution
		Debug|Any CPU = Debug|Any CPU
		Release|Any CPU = Release|Any CPU
	EndGlobalSection
	GlobalSection(ProjectConfigurationPlatforms) = postSolution
		{6076E630-AC41-45F4-876A-E8C2FE1B836A}.Debug|Any CPU.ActiveCfg = Debug|Any CPU
		{6076E630-AC41-45F4-876A-E8C2FE1B836A}.Debug|Any CPU.Build.0 = Debug|Any CPU
		{6076E630-AC41-45F4-876A-E8C2FE1B836A}.Release|Any CPU.ActiveCfg = Release|Any CPU
		{6076E630-AC41-45F4-876A-E8C2FE1B836A}.Release|Any CPU.Build.0 = Release|Any CPU
	EndGlobalSection
	GlobalSection(SolutionProperties) = preSolution
		HideSolutionNode = FALSE
	EndGlobalSection
	GlobalSection(ExtensibilityGlobals) = postSolution
		SolutionGuid = {F4544E3F-3DE0-44E4-8FCF-16D2C8D9CEC7}
	EndGlobalSection
EndGlobal
