
Microsoft Visual Studio Solution File, Format Version 12.00
# Visual Studio Version 16
VisualStudioVersion = 16.0.30413.136
MinimumVisualStudioVersion = 10.0.40219.1
Project("{FAE04EC0-301F-11D3-BF4B-00C04F79EFBC}") = "wfaManipulandoPilha", "wfaManipulandoPilha.csproj", "{D155D1F7-C0A0-4640-AF91-11BBFBFAEABC}"
EndProject
Global
	GlobalSection(SolutionConfigurationPlatforms) = preSolution
		Debug|Any CPU = Debug|Any CPU
		Release|Any CPU = Release|Any CPU
	EndGlobalSection
	GlobalSection(ProjectConfigurationPlatforms) = postSolution
		{D155D1F7-C0A0-4640-AF91-11BBFBFAEABC}.Debug|Any CPU.ActiveCfg = Debug|Any CPU
		{D155D1F7-C0A0-4640-AF91-11BBFBFAEABC}.Debug|Any CPU.Build.0 = Debug|Any CPU
		{D155D1F7-C0A0-4640-AF91-11BBFBFAEABC}.Release|Any CPU.ActiveCfg = Release|Any CPU
		{D155D1F7-C0A0-4640-AF91-11BBFBFAEABC}.Release|Any CPU.Build.0 = Release|Any CPU
	EndGlobalSection
	GlobalSection(SolutionProperties) = preSolution
		HideSolutionNode = FALSE
	EndGlobalSection
	GlobalSection(ExtensibilityGlobals) = postSolution
		SolutionGuid = {2A7E3978-6250-4994-A211-4F177D1A7170}
	EndGlobalSection
EndGlobal
