
Microsoft Visual Studio Solution File, Format Version 12.00
# Visual Studio Version 16
VisualStudioVersion = 16.0.30413.136
MinimumVisualStudioVersion = 10.0.40219.1
Project("{FAE04EC0-301F-11D3-BF4B-00C04F79EFBC}") = "caEstacionamento", "caEstacionamento.csproj", "{2D8612FF-250C-4553-A387-C193B717F450}"
EndProject
Global
	GlobalSection(SolutionConfigurationPlatforms) = preSolution
		Debug|Any CPU = Debug|Any CPU
		Release|Any CPU = Release|Any CPU
	EndGlobalSection
	GlobalSection(ProjectConfigurationPlatforms) = postSolution
		{2D8612FF-250C-4553-A387-C193B717F450}.Debug|Any CPU.ActiveCfg = Debug|Any CPU
		{2D8612FF-250C-4553-A387-C193B717F450}.Debug|Any CPU.Build.0 = Debug|Any CPU
		{2D8612FF-250C-4553-A387-C193B717F450}.Release|Any CPU.ActiveCfg = Release|Any CPU
		{2D8612FF-250C-4553-A387-C193B717F450}.Release|Any CPU.Build.0 = Release|Any CPU
	EndGlobalSection
	GlobalSection(SolutionProperties) = preSolution
		HideSolutionNode = FALSE
	EndGlobalSection
	GlobalSection(ExtensibilityGlobals) = postSolution
		SolutionGuid = {4C9E9814-E79A-4C53-9830-2CDAFCA5309A}
	EndGlobalSection
EndGlobal
